// !$*UTF8*$!
{
	archiveVersion = 1;
	classes = {
	};
	objectVersion = 46;
	objects = {

/* Begin PBXBuildFile section */
		84F84E651ED880DE00332B30 /* AppDelegate.swift in Sources */ = {isa = PBXBuildFile; fileRef = 84F84E641ED880DE00332B30 /* AppDelegate.swift */; };
		84F84E671ED880DE00332B30 /* ViewController.swift in Sources */ = {isa = PBXBuildFile; fileRef = 84F84E661ED880DE00332B30 /* ViewController.swift */; };
		84F84E6A1ED880DE00332B30 /* Main.storyboard in Resources */ = {isa = PBXBuildFile; fileRef = 84F84E681ED880DE00332B30 /* Main.storyboard */; };
		84F84E6C1ED880DE00332B30 /* Assets.xcassets in Resources */ = {isa = PBXBuildFile; fileRef = 84F84E6B1ED880DE00332B30 /* Assets.xcassets */; };
		84F84E6F1ED880DE00332B30 /* LaunchScreen.storyboard in Resources */ = {isa = PBXBuildFile; fileRef = 84F84E6D1ED880DE00332B30 /* LaunchScreen.storyboard */; };
/* End PBXBuildFile section */

/* Begin PBXFileReference section */
		84F84E611ED880DE00332B30 /* SurveyKMA_iOS.app */ = {isa = PBXFileReference; explicitFileType = wrapper.application; includeInIndex = 0; path = SurveyKMA_iOS.app; sourceTree = BUILT_PRODUCTS_DIR; };
		84F84E641ED880DE00332B30 /* AppDelegate.swift */ = {isa = PBXFileReference; lastKnownFileType = sourcecode.swift; path = AppDelegate.swift; sourceTree = "<group>"; };
		84F84E661ED880DE00332B30 /* ViewController.swift */ = {isa = PBXFileReference; lastKnownFileType = sourcecode.swift; path = ViewController.swift; sourceTree = "<group>"; };
		84F84E691ED880DE00332B30 /* Base */ = {isa = PBXFileReference; lastKnownFileType = file.storyboard; name = Base; path = Base.lproj/Main.storyboard; sourceTree = "<group>"; };
		84F84E6B1ED880DE00332B30 /* Assets.xcassets */ = {isa = PBXFileReference; lastKnownFileType = folder.assetcatalog; path = Assets.xcassets; sourceTree = "<group>"; };
		84F84E6E1ED880DE00332B30 /* Base */ = {isa = PBXFileReference; lastKnownFileType = file.storyboard; name = Base; path = Base.lproj/LaunchScreen.storyboard; sourceTree = "<group>"; };
		84F84E701ED880DE00332B30 /* Info.plist */ = {isa = PBXFileReference; lastKnownFileType = text.plist.xml; path = Info.plist; sourceTree = "<group>"; };
/* End PBXFileReference section */

/* Begin PBXFrameworksBuildPhase section */
		84F84E5E1ED880DE00332B30 /* Frameworks */ = {
			isa = PBXFrameworksBuildPhase;
			buildActionMask = 2147483647;
			files = (
			);
			runOnlyForDeploymentPostprocessing = 0;
		};
/* End PBXFrameworksBuildPhase section */

/* Begin PBXGroup section */
		84F84E581ED880DE00332B30 = {
			isa = PBXGroup;
			children = (
				84F84E631ED880DE00332B30 /* SurveyKMA_iOS */,
				84F84E621ED880DE00332B30 /* Products */,
			);
			sourceTree = "<group>";
		};
		84F84E621ED880DE00332B30 /* Products */ = {
			isa = PBXGroup;
			children = (
				84F84E611ED880DE00332B30 /* SurveyKMA_iOS.app */,
			);
			name = Products;
			sourceTree = "<group>";
		};
		84F84E631ED880DE00332B30 /* SurveyKMA_iOS */ = {
			isa = PBXGroup;
			children = (
				84F84E641ED880DE00332B30 /* AppDelegate.swift */,
				84F84E661ED880DE00332B30 /* ViewController.swift */,
				84F84E681ED880DE00332B30 /* Main.storyboard */,
				84F84E6B1ED880DE00332B30 /* Assets.xcassets */,
				84F84E6D1ED880DE00332B30 /* LaunchScreen.storyboard */,
				84F84E701ED880DE00332B30 /* Info.plist */,
			);
			path = SurveyKMA_iOS;
			sourceTree = "<group>";
		};
/* End PBXGroup section */

/* Begin PBXNativeTarget section */
		84F84E601ED880DE00332B30 /* SurveyKMA_iOS */ = {
			isa = PBXNativeTarget;
			buildConfigurationList = 84F84E731ED880DE00332B30 /* Build configuration list for PBXNativeTarget "SurveyKMA_iOS" */;
			buildPhases = (
				84F84E5D1ED880DE00332B30 /* Sources */,
				84F84E5E1ED880DE00332B30 /* Frameworks */,
				84F84E5F1ED880DE00332B30 /* Resources */,
			);
			buildRules = (
			);
			dependencies = (
			);
			name = SurveyKMA_iOS;
			productName = SurveyKMA_iOS;
			productReference = 84F84E611ED880DE00332B30 /* SurveyKMA_iOS.app */;
			productType = "com.apple.product-type.application";
		};
/* End PBXNativeTarget section */

/* Begin PBXProject section */
		84F84E591ED880DE00332B30 /* Project object */ = {
			isa = PBXProject;
			attributes = {
				LastSwiftUpdateCheck = 0830;
				LastUpgradeCheck = 0830;
				ORGANIZATIONNAME = IraNikolenko;
				TargetAttributes = {
					84F84E601ED880DE00332B30 = {
						CreatedOnToolsVersion = 8.3.2;
						ProvisioningStyle = Automatic;
					};
				};
			};
			buildConfigurationList = 84F84E5C1ED880DE00332B30 /* Build configuration list for PBXProject "SurveyKMA_iOS" */;
			compatibilityVersion = "Xcode 3.2";
			developmentRegion = English;
			hasScannedForEncodings = 0;
			knownRegions = (
				en,
				Base,
			);
			mainGroup = 84F84E581ED880DE00332B30;
			productRefGroup = 84F84E621ED880DE00332B30 /* Products */;
			projectDirPath = "";
			projectRoot = "";
			targets = (
				84F84E601ED880DE00332B30 /* SurveyKMA_iOS */,
			);
		};
/* End PBXProject section */

/* Begin PBXResourcesBuildPhase section */
		84F84E5F1ED880DE00332B30 /* Resources */ = {
			isa = PBXResourcesBuildPhase;
			buildActionMask = 2147483647;
			files = (
				84F84E6F1ED880DE00332B30 /* LaunchScreen.storyboard in Resources */,
				84F84E6C1ED880DE00332B30 /* Assets.xcassets in Resources */,
				84F84E6A1ED880DE00332B30 /* Main.storyboard in Resources */,
			);
			runOnlyForDeploymentPostprocessing = 0;
		};
/* End PBXResourcesBuildPhase section */

/* Begin PBXSourcesBuildPhase section */
		84F84E5D1ED880DE00332B30 /* Sources */ = {
			isa = PBXSourcesBuildPhase;
			buildActionMask = 2147483647;
			files = (
				84F84E671ED880DE00332B30 /* ViewController.swift in Sources */,
				84F84E651ED880DE00332B30 /* AppDelegate.swift in Sources */,
			);
			runOnlyForDeploymentPostprocessing = 0;
		};
/* End PBXSourcesBuildPhase section */

/* Begin PBXVariantGroup section */
		84F84E681ED880DE00332B30 /* Main.storyboard */ = {
			isa = PBXVariantGroup;
			children = (
				84F84E691ED880DE00332B30 /* Base */,
			);
			name = Main.storyboard;
			sourceTree = "<group>";
		};
		84F84E6D1ED880DE00332B30 /* LaunchScreen.storyboard */ = {
			isa = PBXVariantGroup;
			children = (
				84F84E6E1ED880DE00332B30 /* Base */,
			);
			name = LaunchScreen.storyboard;
			sourceTree = "<group>";
		};
/* End PBXVariantGroup section */

/* Begin XCBuildConfiguration section */
		84F84E711ED880DE00332B30 /* Debug */ = {
			isa = XCBuildConfiguration;
			buildSettings = {
				ALWAYS_SEARCH_USER_PATHS = NO;
				CLANG_ANALYZER_NONNULL = YES;
				CLANG_ANALYZER_NUMBER_OBJECT_CONVERSION = YES_AGGRESSIVE;
				CLANG_CXX_LANGUAGE_STANDARD = "gnu++0x";
				CLANG_CXX_LIBRARY = "libc++";
				CLANG_ENABLE_MODULES = YES;
				CLANG_ENABLE_OBJC_ARC = YES;
				CLANG_WARN_BOOL_CONVERSION = YES;
				CLANG_WARN_CONSTANT_CONVERSION = YES;
				CLANG_WARN_DIRECT_OBJC_ISA_USAGE = YES_ERROR;
				CLANG_WARN_DOCUMENTATION_COMMENTS = YES;
				CLANG_WARN_EMPTY_BODY = YES;
				CLANG_WARN_ENUM_CONVERSION = YES;
				CLANG_WARN_INFINITE_RECURSION = YES;
				CLANG_WARN_INT_CONVERSION = YES;
				CLANG_WARN_OBJC_ROOT_CLASS = YES_ERROR;
				CLANG_WARN_SUSPICIOUS_MOVE = YES;
				CLANG_WARN_UNREACHABLE_CODE = YES;
				CLANG_WARN__DUPLICATE_METHOD_MATCH = YES;
				"CODE_SIGN_IDENTITY[sdk=iphoneos*]" = "iPhone Developer";
				COPY_PHASE_STRIP = NO;
				DEBUG_INFORMATION_FORMAT = dwarf;
				ENABLE_STRICT_OBJC_MSGSEND = YES;
				ENABLE_TESTABILITY = YES;
				GCC_C_LANGUAGE_STANDARD = gnu99;
				GCC_DYNAMIC_NO_PIC = NO;
				GCC_NO_COMMON_BLOCKS = YES;
				GCC_OPTIMIZATION_LEVEL = 0;
				GCC_PREPROCESSOR_DEFINITIONS = (
					"DEBUG=1",
					"$(inherited)",
				);
				GCC_WARN_64_TO_32_BIT_CONVERSION = YES;
				GCC_WARN_ABOUT_RETURN_TYPE = YES_ERROR;
				GCC_WARN_UNDECLARED_SELECTOR = YES;
				GCC_WARN_UNINITIALIZED_AUTOS = YES_AGGRESSIVE;
				GCC_WARN_UNUSED_FUNCTION = YES;
				GCC_WARN_UNUSED_VARIABLE = YES;
				IPHONEOS_DEPLOYMENT_TARGET = 10.3;
				MTL_ENABLE_DEBUG_INFO = YES;
				ONLY_ACTIVE_ARCH = YES;
				SDKROOT = iphoneos;
				SWIFT_ACTIVE_COMPILATION_CONDITIONS = DEBUG;
				SWIFT_OPTIMIZATION_LEVEL = "-Onone";
				TARGETED_DEVICE_FAMILY = "1,2";
			};
			name = Debug;
		};
		84F84E721ED880DE00332B30 /* Release */ = {
			isa = XCBuildConfiguration;
			buildSettings = {
				ALWAYS_SEARCH_USER_PATHS = NO;
				CLANG_ANALYZER_NONNULL = YES;
				CLANG_ANALYZER_NUMBER_OBJECT_CONVERSION = YES_AGGRESSIVE;
				CLANG_CXX_LANGUAGE_STANDARD = "gnu++0x";
				CLANG_CXX_LIBRARY = "libc++";
				CLANG_ENABLE_MODULES = YES;
				CLANG_ENABLE_OBJC_ARC = YES;
				CLANG_WARN_BOOL_CONVERSION = YES;
				CLANG_WARN_CONSTANT_CONVERSION = YES;
				CLANG_WARN_DIRECT_OBJC_ISA_USAGE = YES_ERROR;
				CLANG_WARN_DOCUMENTATION_COMMENTS = YES;
				CLANG_WARN_EMPTY_BODY = YES;
				CLANG_WARN_ENUM_CONVERSION = YES;
				CLANG_WARN_INFINITE_RECURSION = YES;
				CLANG_WARN_INT_CONVERSION = YES;
				CLANG_WARN_OBJC_ROOT_CLASS = YES_ERROR;
				CLANG_WARN_SUSPICIOUS_MOVE = YES;
				CLANG_WARN_UNREACHABLE_CODE = YES;
				CLANG_WARN__DUPLICATE_METHOD_MATCH = YES;
				"CODE_SIGN_IDENTITY[sdk=iphoneos*]" = "iPhone Developer";
				COPY_PHASE_STRIP = NO;
				DEBUG_INFORMATION_FORMAT = "dwarf-with-dsym";
				ENABLE_NS_ASSERTIONS = NO;
				ENABLE_STRICT_OBJC_MSGSEND = YES;
				GCC_C_LANGUAGE_STANDARD = gnu99;
				GCC_NO_COMMON_BLOCKS = YES;
				GCC_WARN_64_TO_32_BIT_CONVERSION = YES;
				GCC_WARN_ABOUT_RETURN_TYPE = YES_ERROR;
				GCC_WARN_UNDECLARED_SELECTOR = YES;
				GCC_WARN_UNINITIALIZED_AUTOS = YES_AGGRESSIVE;
				GCC_WARN_UNUSED_FUNCTION = YES;
				GCC_WARN_UNUSED_VARIABLE = YES;
				IPHONEOS_DEPLOYMENT_TARGET = 10.3;
				MTL_ENABLE_DEBUG_INFO = NO;
				SDKROOT = iphoneos;
				SWIFT_OPTIMIZATION_LEVEL = "-Owholemodule";
				TARGETED_DEVICE_FAMILY = "1,2";
				VALIDATE_PRODUCT = YES;
			};
			name = Release;
		};
		84F84E741ED880DE00332B30 /* Debug */ = {
			isa = XCBuildConfiguration;
			buildSettings = {
				ASSETCATALOG_COMPILER_APPICON_NAME = AppIcon;
				INFOPLIST_FILE = SurveyKMA_iOS/Info.plist;
				LD_RUNPATH_SEARCH_PATHS = "$(inherited) @executable_path/Frameworks";
				PRODUCT_BUNDLE_IDENTIFIER = "IraNikolenko.SurveyKMA-iOS";
				PRODUCT_NAME = "$(TARGET_NAME)";
				SWIFT_VERSION = 3.0;
			};
			name = Debug;
		};
		84F84E751ED880DE00332B30 /* Release */ = {
			isa = XCBuildConfiguration;
			buildSettings = {
				ASSETCATALOG_COMPILER_APPICON_NAME = AppIcon;
				INFOPLIST_FILE = SurveyKMA_iOS/Info.plist;
				LD_RUNPATH_SEARCH_PATHS = "$(inherited) @executable_path/Frameworks";
				PRODUCT_BUNDLE_IDENTIFIER = "IraNikolenko.SurveyKMA-iOS";
				PRODUCT_NAME = "$(TARGET_NAME)";
				SWIFT_VERSION = 3.0;
			};
			name = Release;
		};
/* End XCBuildConfiguration section */

/* Begin XCConfigurationList section */
		84F84E5C1ED880DE00332B30 /* Build configuration list for PBXProject "SurveyKMA_iOS" */ = {
			isa = XCConfigurationList;
			buildConfigurations = (
				84F84E711ED880DE00332B30 /* Debug */,
				84F84E721ED880DE00332B30 /* Release */,
			);
			defaultConfigurationIsVisible = 0;
			defaultConfigurationName = Release;
		};
		84F84E731ED880DE00332B30 /* Build configuration list for PBXNativeTarget "SurveyKMA_iOS" */ = {
			isa = XCConfigurationList;
			buildConfigurations = (
				84F84E741ED880DE00332B30 /* Debug */,
				84F84E751ED880DE00332B30 /* Release */,
			);
			defaultConfigurationIsVisible = 0;
		};
/* End XCConfigurationList section */
	};
	rootObject = 84F84E591ED880DE00332B30 /* Project object */;
}
